golang.org/x/sys v0.0.0-20210917161153-d61c044b1678 h1:J27LZFQBFoihqXoegpscI10HpjZ7B5WQLLKL2FZXQKw=
golang.org/x/sys v0.0.0-20210917161153-d61c044b1678/go.mod h1:oPkhp1MJrh7nUepCBck5+mAzfO9JrbApNNgaTdGDITg=
suah.dev/protect v1.2.0 h1:4G4V43yVYXCjLFzaE9QJR0fLo3rf5vNBS9YxyoI19DU=
suah.dev/protect v1.2.0/go.mod h1:Ocn1yqUskqe/is6N2bxQxtT+fegbvQsOFyHbJAQu9XE=
